// !$*UTF8*$!
{
	archiveVersion = 1;
	classes = {
	};
	objectVersion = 46;
	objects = {

/* Begin PBXBuildFile section */
		53ABFBBE1F324F280090A460 /* AppDelegate.swift in Sources */ = {isa = PBXBuildFile; fileRef = 53ABFBBD1F324F280090A460 /* AppDelegate.swift */; };
		53ABFBC31F324F280090A460 /* Main.storyboard in Resources */ = {isa = PBXBuildFile; fileRef = 53ABFBC11F324F280090A460 /* Main.storyboard */; };
		53ABFBC51F324F280090A460 /* Assets.xcassets in Resources */ = {isa = PBXBuildFile; fileRef = 53ABFBC41F324F280090A460 /* Assets.xcassets */; };
		53ABFBC81F324F280090A460 /* LaunchScreen.storyboard in Resources */ = {isa = PBXBuildFile; fileRef = 53ABFBC61F324F280090A460 /* LaunchScreen.storyboard */; };
		53ABFBD21F3250430090A460 /* logging.swift in Sources */ = {isa = PBXBuildFile; fileRef = 53ABFBD11F3250430090A460 /* logging.swift */; };
		53ABFBD61F325A9A0090A460 /* ImageView.swift in Sources */ = {isa = PBXBuildFile; fileRef = 53ABFBD51F325A9A0090A460 /* ImageView.swift */; };
		53ABFBDA1F325C8C0090A460 /* MenuViewController.swift in Sources */ = {isa = PBXBuildFile; fileRef = 53ABFBD91F325C8C0090A460 /* MenuViewController.swift */; };
		53ABFBDC1F3267170090A460 /* ScrollView.swift in Sources */ = {isa = PBXBuildFile; fileRef = 53ABFBDB1F3267170090A460 /* ScrollView.swift */; };
		53ABFBDE1F32676F0090A460 /* DetailViewController.swift in Sources */ = {isa = PBXBuildFile; fileRef = 53ABFBDD1F32676F0090A460 /* DetailViewController.swift */; };
		53ABFBE41F3286AF0090A460 /* UrlModel.swift in Sources */ = {isa = PBXBuildFile; fileRef = 53ABFBE31F3286AF0090A460 /* UrlModel.swift */; };
		53ABFBE61F35338A0090A460 /* DetailViewModel.swift in Sources */ = {isa = PBXBuildFile; fileRef = 53ABFBE51F35338A0090A460 /* DetailViewModel.swift */; };
/* End PBXBuildFile section */

/* Begin PBXFileReference section */
		53ABFBBA1F324F280090A460 /* scrolling.app */ = {isa = PBXFileReference; explicitFileType = wrapper.application; includeInIndex = 0; path = scrolling.app; sourceTree = BUILT_PRODUCTS_DIR; };
		53ABFBBD1F324F280090A460 /* AppDelegate.swift */ = {isa = PBXFileReference; lastKnownFileType = sourcecode.swift; path = AppDelegate.swift; sourceTree = "<group>"; };
		53ABFBC21F324F280090A460 /* Base */ = {isa = PBXFileReference; lastKnownFileType = file.storyboard; name = Base; path = Base.lproj/Main.storyboard; sourceTree = "<group>"; };
		53ABFBC41F324F280090A460 /* Assets.xcassets */ = {isa = PBXFileReference; lastKnownFileType = folder.assetcatalog; path = Assets.xcassets; sourceTree = "<group>"; };
		53ABFBC71F324F280090A460 /* Base */ = {isa = PBXFileReference; lastKnownFileType = file.storyboard; name = Base; path = Base.lproj/LaunchScreen.storyboard; sourceTree = "<group>"; };
		53ABFBC91F324F280090A460 /* Info.plist */ = {isa = PBXFileReference; lastKnownFileType = text.plist.xml; path = Info.plist; sourceTree = "<group>"; };
		53ABFBD11F3250430090A460 /* logging.swift */ = {isa = PBXFileReference; fileEncoding = 4; lastKnownFileType = sourcecode.swift; path = logging.swift; sourceTree = "<group>"; };
		53ABFBD51F325A9A0090A460 /* ImageView.swift */ = {isa = PBXFileReference; fileEncoding = 4; lastKnownFileType = sourcecode.swift; path = ImageView.swift; sourceTree = "<group>"; };
		53ABFBD91F325C8C0090A460 /* MenuViewController.swift */ = {isa = PBXFileReference; fileEncoding = 4; lastKnownFileType = sourcecode.swift; path = MenuViewController.swift; sourceTree = "<group>"; };
		53ABFBDB1F3267170090A460 /* ScrollView.swift */ = {isa = PBXFileReference; fileEncoding = 4; lastKnownFileType = sourcecode.swift; path = ScrollView.swift; sourceTree = "<group>"; };
		53ABFBDD1F32676F0090A460 /* DetailViewController.swift */ = {isa = PBXFileReference; fileEncoding = 4; lastKnownFileType = sourcecode.swift; path = DetailViewController.swift; sourceTree = "<group>"; };
		53ABFBE31F3286AF0090A460 /* UrlModel.swift */ = {isa = PBXFileReference; fileEncoding = 4; lastKnownFileType = sourcecode.swift; path = UrlModel.swift; sourceTree = "<group>"; };
		53ABFBE51F35338A0090A460 /* DetailViewModel.swift */ = {isa = PBXFileReference; fileEncoding = 4; lastKnownFileType = sourcecode.swift; path = DetailViewModel.swift; sourceTree = "<group>"; };
/* End PBXFileReference section */

/* Begin PBXFrameworksBuildPhase section */
		53ABFBB71F324F280090A460 /* Frameworks */ = {
			isa = PBXFrameworksBuildPhase;
			buildActionMask = 2147483647;
			files = (
			);
			runOnlyForDeploymentPostprocessing = 0;
		};
/* End PBXFrameworksBuildPhase section */

/* Begin PBXGroup section */
		53ABFBB11F324F280090A460 = {
			isa = PBXGroup;
			children = (
				53ABFBBC1F324F280090A460 /* scrolling */,
				53ABFBBB1F324F280090A460 /* Products */,
			);
			sourceTree = "<group>";
		};
		53ABFBBB1F324F280090A460 /* Products */ = {
			isa = PBXGroup;
			children = (
				53ABFBBA1F324F280090A460 /* scrolling.app */,
			);
			name = Products;
			sourceTree = "<group>";
		};
		53ABFBBC1F324F280090A460 /* scrolling */ = {
			isa = PBXGroup;
			children = (
				53ABFBE21F3269070090A460 /* Models */,
				53ABFBE11F3268000090A460 /* Utils */,
				53ABFBE01F3267DF0090A460 /* Controllers */,
				53ABFBDF1F3267B40090A460 /* Views */,
				53ABFBC11F324F280090A460 /* Main.storyboard */,
				53ABFBC61F324F280090A460 /* LaunchScreen.storyboard */,
			);
			path = scrolling;
			sourceTree = "<group>";
		};
		53ABFBDF1F3267B40090A460 /* Views */ = {
			isa = PBXGroup;
			children = (
				53ABFBDB1F3267170090A460 /* ScrollView.swift */,
				53ABFBD51F325A9A0090A460 /* ImageView.swift */,
			);
			name = Views;
			sourceTree = "<group>";
		};
		53ABFBE01F3267DF0090A460 /* Controllers */ = {
			isa = PBXGroup;
			children = (
				53ABFBD91F325C8C0090A460 /* MenuViewController.swift */,
				53ABFBDD1F32676F0090A460 /* DetailViewController.swift */,
			);
			name = Controllers;
			sourceTree = "<group>";
		};
		53ABFBE11F3268000090A460 /* Utils */ = {
			isa = PBXGroup;
			children = (
				53ABFBC41F324F280090A460 /* Assets.xcassets */,
				53ABFBC91F324F280090A460 /* Info.plist */,
				53ABFBBD1F324F280090A460 /* AppDelegate.swift */,
				53ABFBD11F3250430090A460 /* logging.swift */,
			);
			name = Utils;
			sourceTree = "<group>";
		};
		53ABFBE21F3269070090A460 /* Models */ = {
			isa = PBXGroup;
			children = (
				53ABFBE31F3286AF0090A460 /* UrlModel.swift */,
				53ABFBE51F35338A0090A460 /* DetailViewModel.swift */,
			);
			name = Models;
			sourceTree = "<group>";
		};
/* End PBXGroup section */

/* Begin PBXNativeTarget section */
		53ABFBB91F324F280090A460 /* scrolling */ = {
			isa = PBXNativeTarget;
			buildConfigurationList = 53ABFBCC1F324F280090A460 /* Build configuration list for PBXNativeTarget "scrolling" */;
			buildPhases = (
				53ABFBB61F324F280090A460 /* Sources */,
				53ABFBB71F324F280090A460 /* Frameworks */,
				53ABFBB81F324F280090A460 /* Resources */,
			);
			buildRules = (
			);
			dependencies = (
			);
			name = scrolling;
			productName = scrolling;
			productReference = 53ABFBBA1F324F280090A460 /* scrolling.app */;
			productType = "com.apple.product-type.application";
		};
/* End PBXNativeTarget section */

/* Begin PBXProject section */
		53ABFBB21F324F280090A460 /* Project object */ = {
			isa = PBXProject;
			attributes = {
				LastSwiftUpdateCheck = 0830;
				LastUpgradeCheck = 0830;
				ORGANIZATIONNAME = "Mohan Madhavan";
				TargetAttributes = {
					53ABFBB91F324F280090A460 = {
						CreatedOnToolsVersion = 8.3.3;
						DevelopmentTeam = 2J2L726TH7;
						ProvisioningStyle = Automatic;
					};
				};
			};
			buildConfigurationList = 53ABFBB51F324F280090A460 /* Build configuration list for PBXProject "scrolling" */;
			compatibilityVersion = "Xcode 3.2";
			developmentRegion = English;
			hasScannedForEncodings = 0;
			knownRegions = (
				en,
				Base,
			);
			mainGroup = 53ABFBB11F324F280090A460;
			productRefGroup = 53ABFBBB1F324F280090A460 /* Products */;
			projectDirPath = "";
			projectRoot = "";
			targets = (
				53ABFBB91F324F280090A460 /* scrolling */,
			);
		};
/* End PBXProject section */

/* Begin PBXResourcesBuildPhase section */
		53ABFBB81F324F280090A460 /* Resources */ = {
			isa = PBXResourcesBuildPhase;
			buildActionMask = 2147483647;
			files = (
				53ABFBC81F324F280090A460 /* LaunchScreen.storyboard in Resources */,
				53ABFBC51F324F280090A460 /* Assets.xcassets in Resources */,
				53ABFBC31F324F280090A460 /* Main.storyboard in Resources */,
			);
			runOnlyForDeploymentPostprocessing = 0;
		};
/* End PBXResourcesBuildPhase section */

/* Begin PBXSourcesBuildPhase section */
		53ABFBB61F324F280090A460 /* Sources */ = {
			isa = PBXSourcesBuildPhase;
			buildActionMask = 2147483647;
			files = (
				53ABFBD61F325A9A0090A460 /* ImageView.swift in Sources */,
				53ABFBE41F3286AF0090A460 /* UrlModel.swift in Sources */,
				53ABFBDA1F325C8C0090A460 /* MenuViewController.swift in Sources */,
				53ABFBBE1F324F280090A460 /* AppDelegate.swift in Sources */,
				53ABFBDE1F32676F0090A460 /* DetailViewController.swift in Sources */,
				53ABFBD21F3250430090A460 /* logging.swift in Sources */,
				53ABFBDC1F3267170090A460 /* ScrollView.swift in Sources */,
				53ABFBE61F35338A0090A460 /* DetailViewModel.swift in Sources */,
			);
			runOnlyForDeploymentPostprocessing = 0;
		};
/* End PBXSourcesBuildPhase section */

/* Begin PBXVariantGroup section */
		53ABFBC11F324F280090A460 /* Main.storyboard */ = {
			isa = PBXVariantGroup;
			children = (
				53ABFBC21F324F280090A460 /* Base */,
			);
			name = Main.storyboard;
			sourceTree = "<group>";
		};
		53ABFBC61F324F280090A460 /* LaunchScreen.storyboard */ = {
			isa = PBXVariantGroup;
			children = (
				53ABFBC71F324F280090A460 /* Base */,
			);
			name = LaunchScreen.storyboard;
			sourceTree = "<group>";
		};
/* End PBXVariantGroup section */

/* Begin XCBuildConfiguration section */
		53ABFBCA1F324F280090A460 /* Debug */ = {
			isa = XCBuildConfiguration;
			buildSettings = {
				ALWAYS_SEARCH_USER_PATHS = NO;
				CLANG_ANALYZER_NONNULL = YES;
				CLANG_ANALYZER_NUMBER_OBJECT_CONVERSION = YES_AGGRESSIVE;
				CLANG_CXX_LANGUAGE_STANDARD = "gnu++0x";
				CLANG_CXX_LIBRARY = "libc++";
				CLANG_ENABLE_MODULES = YES;
				CLANG_ENABLE_OBJC_ARC = YES;
				CLANG_WARN_BOOL_CONVERSION = YES;
				CLANG_WARN_CONSTANT_CONVERSION = YES;
				CLANG_WARN_DIRECT_OBJC_ISA_USAGE = YES_ERROR;
				CLANG_WARN_DOCUMENTATION_COMMENTS = YES;
				CLANG_WARN_EMPTY_BODY = YES;
				CLANG_WARN_ENUM_CONVERSION = YES;
				CLANG_WARN_INFINITE_RECURSION = YES;
				CLANG_WARN_INT_CONVERSION = YES;
				CLANG_WARN_OBJC_ROOT_CLASS = YES_ERROR;
				CLANG_WARN_SUSPICIOUS_MOVE = YES;
				CLANG_WARN_UNREACHABLE_CODE = YES;
				CLANG_WARN__DUPLICATE_METHOD_MATCH = YES;
				"CODE_SIGN_IDENTITY[sdk=iphoneos*]" = "iPhone Developer";
				COPY_PHASE_STRIP = NO;
				DEBUG_INFORMATION_FORMAT = dwarf;
				ENABLE_STRICT_OBJC_MSGSEND = YES;
				ENABLE_TESTABILITY = YES;
				GCC_C_LANGUAGE_STANDARD = gnu99;
				GCC_DYNAMIC_NO_PIC = NO;
				GCC_NO_COMMON_BLOCKS = YES;
				GCC_OPTIMIZATION_LEVEL = 0;
				GCC_PREPROCESSOR_DEFINITIONS = (
					"DEBUG=1",
					"$(inherited)",
				);
				GCC_WARN_64_TO_32_BIT_CONVERSION = YES;
				GCC_WARN_ABOUT_RETURN_TYPE = YES_ERROR;
				GCC_WARN_UNDECLARED_SELECTOR = YES;
				GCC_WARN_UNINITIALIZED_AUTOS = YES_AGGRESSIVE;
				GCC_WARN_UNUSED_FUNCTION = YES;
				GCC_WARN_UNUSED_VARIABLE = YES;
				IPHONEOS_DEPLOYMENT_TARGET = 10.3;
				MTL_ENABLE_DEBUG_INFO = YES;
				ONLY_ACTIVE_ARCH = YES;
				SDKROOT = iphoneos;
				SWIFT_ACTIVE_COMPILATION_CONDITIONS = DEBUG;
				SWIFT_OPTIMIZATION_LEVEL = "-Onone";
			};
			name = Debug;
		};
		53ABFBCB1F324F280090A460 /* Release */ = {
			isa = XCBuildConfiguration;
			buildSettings = {
				ALWAYS_SEARCH_USER_PATHS = NO;
				CLANG_ANALYZER_NONNULL = YES;
				CLANG_ANALYZER_NUMBER_OBJECT_CONVERSION = YES_AGGRESSIVE;
				CLANG_CXX_LANGUAGE_STANDARD = "gnu++0x";
				CLANG_CXX_LIBRARY = "libc++";
				CLANG_ENABLE_MODULES = YES;
				CLANG_ENABLE_OBJC_ARC = YES;
				CLANG_WARN_BOOL_CONVERSION = YES;
				CLANG_WARN_CONSTANT_CONVERSION = YES;
				CLANG_WARN_DIRECT_OBJC_ISA_USAGE = YES_ERROR;
				CLANG_WARN_DOCUMENTATION_COMMENTS = YES;
				CLANG_WARN_EMPTY_BODY = YES;
				CLANG_WARN_ENUM_CONVERSION = YES;
				CLANG_WARN_INFINITE_RECURSION = YES;
				CLANG_WARN_INT_CONVERSION = YES;
				CLANG_WARN_OBJC_ROOT_CLASS = YES_ERROR;
				CLANG_WARN_SUSPICIOUS_MOVE = YES;
				CLANG_WARN_UNREACHABLE_CODE = YES;
				CLANG_WARN__DUPLICATE_METHOD_MATCH = YES;
				"CODE_SIGN_IDENTITY[sdk=iphoneos*]" = "iPhone Developer";
				COPY_PHASE_STRIP = NO;
				DEBUG_INFORMATION_FORMAT = "dwarf-with-dsym";
				ENABLE_NS_ASSERTIONS = NO;
				ENABLE_STRICT_OBJC_MSGSEND = YES;
				GCC_C_LANGUAGE_STANDARD = gnu99;
				GCC_NO_COMMON_BLOCKS = YES;
				GCC_WARN_64_TO_32_BIT_CONVERSION = YES;
				GCC_WARN_ABOUT_RETURN_TYPE = YES_ERROR;
				GCC_WARN_UNDECLARED_SELECTOR = YES;
				GCC_WARN_UNINITIALIZED_AUTOS = YES_AGGRESSIVE;
				GCC_WARN_UNUSED_FUNCTION = YES;
				GCC_WARN_UNUSED_VARIABLE = YES;
				IPHONEOS_DEPLOYMENT_TARGET = 10.3;
				MTL_ENABLE_DEBUG_INFO = NO;
				SDKROOT = iphoneos;
				SWIFT_OPTIMIZATION_LEVEL = "-Owholemodule";
				VALIDATE_PRODUCT = YES;
			};
			name = Release;
		};
		53ABFBCD1F324F280090A460 /* Debug */ = {
			isa = XCBuildConfiguration;
			buildSettings = {
				ASSETCATALOG_COMPILER_APPICON_NAME = AppIcon;
				DEVELOPMENT_TEAM = 2J2L726TH7;
				INFOPLIST_FILE = scrolling/Info.plist;
				LD_RUNPATH_SEARCH_PATHS = "$(inherited) @executable_path/Frameworks";
				PRODUCT_BUNDLE_IDENTIFIER = "mmadhava-hawk.iit.edu.scrolling";
				PRODUCT_NAME = "$(TARGET_NAME)";
				SWIFT_VERSION = 3.0;
			};
			name = Debug;
		};
		53ABFBCE1F324F280090A460 /* Release */ = {
			isa = XCBuildConfiguration;
			buildSettings = {
				ASSETCATALOG_COMPILER_APPICON_NAME = AppIcon;
				DEVELOPMENT_TEAM = 2J2L726TH7;
				INFOPLIST_FILE = scrolling/Info.plist;
				LD_RUNPATH_SEARCH_PATHS = "$(inherited) @executable_path/Frameworks";
				PRODUCT_BUNDLE_IDENTIFIER = "mmadhava-hawk.iit.edu.scrolling";
				PRODUCT_NAME = "$(TARGET_NAME)";
				SWIFT_VERSION = 3.0;
			};
			name = Release;
		};
/* End XCBuildConfiguration section */

/* Begin XCConfigurationList section */
		53ABFBB51F324F280090A460 /* Build configuration list for PBXProject "scrolling" */ = {
			isa = XCConfigurationList;
			buildConfigurations = (
				53ABFBCA1F324F280090A460 /* Debug */,
				53ABFBCB1F324F280090A460 /* Release */,
			);
			defaultConfigurationIsVisible = 0;
			defaultConfigurationName = Release;
		};
		53ABFBCC1F324F280090A460 /* Build configuration list for PBXNativeTarget "scrolling" */ = {
			isa = XCConfigurationList;
			buildConfigurations = (
				53ABFBCD1F324F280090A460 /* Debug */,
				53ABFBCE1F324F280090A460 /* Release */,
			);
			defaultConfigurationIsVisible = 0;
			defaultConfigurationName = Release;
		};
/* End XCConfigurationList section */
	};
	rootObject = 53ABFBB21F324F280090A460 /* Project object */;
}
